// !$*UTF8*$!
{
	archiveVersion = 1;
	classes = {
	};
	objectVersion = 46;
	objects = {

/* Begin PBXBuildFile section */
		8CC0DDD11E0158680087CDC6 /* main.m in Sources */ = {isa = PBXBuildFile; fileRef = 8CC0DDD01E0158680087CDC6 /* main.m */; };
		8CC0DDD41E0158680087CDC6 /* AppDelegate.m in Sources */ = {isa = PBXBuildFile; fileRef = 8CC0DDD31E0158680087CDC6 /* AppDelegate.m */; };
		8CC0DDD71E0158680087CDC6 /* ViewController.m in Sources */ = {isa = PBXBuildFile; fileRef = 8CC0DDD61E0158680087CDC6 /* ViewController.m */; };
		8CC0DDDA1E0158680087CDC6 /* Main.storyboard in Resources */ = {isa = PBXBuildFile; fileRef = 8CC0DDD81E0158680087CDC6 /* Main.storyboard */; };
		8CC0DDDD1E0158680087CDC6 /* iOSCircleCI.xcdatamodeld in Sources */ = {isa = PBXBuildFile; fileRef = 8CC0DDDB1E0158680087CDC6 /* iOSCircleCI.xcdatamodeld */; };
		8CC0DDDF1E0158680087CDC6 /* Assets.xcassets in Resources */ = {isa = PBXBuildFile; fileRef = 8CC0DDDE1E0158680087CDC6 /* Assets.xcassets */; };
		8CC0DDE21E0158680087CDC6 /* LaunchScreen.storyboard in Resources */ = {isa = PBXBuildFile; fileRef = 8CC0DDE01E0158680087CDC6 /* LaunchScreen.storyboard */; };
		8CC0DDED1E0158680087CDC6 /* iOSCircleCITests.m in Sources */ = {isa = PBXBuildFile; fileRef = 8CC0DDEC1E0158680087CDC6 /* iOSCircleCITests.m */; };
		8CC0DDF81E0158680087CDC6 /* iOSCircleCIUITests.m in Sources */ = {isa = PBXBuildFile; fileRef = 8CC0DDF71E0158680087CDC6 /* iOSCircleCIUITests.m */; };
/* End PBXBuildFile section */

/* Begin PBXContainerItemProxy section */
		8CC0DDE91E0158680087CDC6 /* PBXContainerItemProxy */ = {
			isa = PBXContainerItemProxy;
			containerPortal = 8CC0DDC41E0158670087CDC6 /* Project object */;
			proxyType = 1;
			remoteGlobalIDString = 8CC0DDCB1E0158680087CDC6;
			remoteInfo = iOSCircleCI;
		};
		8CC0DDF41E0158680087CDC6 /* PBXContainerItemProxy */ = {
			isa = PBXContainerItemProxy;
			containerPortal = 8CC0DDC41E0158670087CDC6 /* Project object */;
			proxyType = 1;
			remoteGlobalIDString = 8CC0DDCB1E0158680087CDC6;
			remoteInfo = iOSCircleCI;
		};
/* End PBXContainerItemProxy section */

/* Begin PBXFileReference section */
		8CC0DDCC1E0158680087CDC6 /* iOSCircleCI.app */ = {isa = PBXFileReference; explicitFileType = wrapper.application; includeInIndex = 0; path = iOSCircleCI.app; sourceTree = BUILT_PRODUCTS_DIR; };
		8CC0DDD01E0158680087CDC6 /* main.m */ = {isa = PBXFileReference; lastKnownFileType = sourcecode.c.objc; path = main.m; sourceTree = "<group>"; };
		8CC0DDD21E0158680087CDC6 /* AppDelegate.h */ = {isa = PBXFileReference; lastKnownFileType = sourcecode.c.h; path = AppDelegate.h; sourceTree = "<group>"; };
		8CC0DDD31E0158680087CDC6 /* AppDelegate.m */ = {isa = PBXFileReference; lastKnownFileType = sourcecode.c.objc; path = AppDelegate.m; sourceTree = "<group>"; };
		8CC0DDD51E0158680087CDC6 /* ViewController.h */ = {isa = PBXFileReference; lastKnownFileType = sourcecode.c.h; path = ViewController.h; sourceTree = "<group>"; };
		8CC0DDD61E0158680087CDC6 /* ViewController.m */ = {isa = PBXFileReference; lastKnownFileType = sourcecode.c.objc; path = ViewController.m; sourceTree = "<group>"; };
		8CC0DDD91E0158680087CDC6 /* Base */ = {isa = PBXFileReference; lastKnownFileType = file.storyboard; name = Base; path = Base.lproj/Main.storyboard; sourceTree = "<group>"; };
		8CC0DDDC1E0158680087CDC6 /* iOSCircleCI.xcdatamodel */ = {isa = PBXFileReference; lastKnownFileType = wrapper.xcdatamodel; path = iOSCircleCI.xcdatamodel; sourceTree = "<group>"; };
		8CC0DDDE1E0158680087CDC6 /* Assets.xcassets */ = {isa = PBXFileReference; lastKnownFileType = folder.assetcatalog; path = Assets.xcassets; sourceTree = "<group>"; };
		8CC0DDE11E0158680087CDC6 /* Base */ = {isa = PBXFileReference; lastKnownFileType = file.storyboard; name = Base; path = Base.lproj/LaunchScreen.storyboard; sourceTree = "<group>"; };
		8CC0DDE31E0158680087CDC6 /* Info.plist */ = {isa = PBXFileReference; lastKnownFileType = text.plist.xml; path = Info.plist; sourceTree = "<group>"; };
		8CC0DDE81E0158680087CDC6 /* iOSCircleCITests.xctest */ = {isa = PBXFileReference; explicitFileType = wrapper.cfbundle; includeInIndex = 0; path = iOSCircleCITests.xctest; sourceTree = BUILT_PRODUCTS_DIR; };
		8CC0DDEC1E0158680087CDC6 /* iOSCircleCITests.m */ = {isa = PBXFileReference; lastKnownFileType = sourcecode.c.objc; path = iOSCircleCITests.m; sourceTree = "<group>"; };
		8CC0DDEE1E0158680087CDC6 /* Info.plist */ = {isa = PBXFileReference; lastKnownFileType = text.plist.xml; path = Info.plist; sourceTree = "<group>"; };
		8CC0DDF31E0158680087CDC6 /* iOSCircleCIUITests.xctest */ = {isa = PBXFileReference; explicitFileType = wrapper.cfbundle; includeInIndex = 0; path = iOSCircleCIUITests.xctest; sourceTree = BUILT_PRODUCTS_DIR; };
		8CC0DDF71E0158680087CDC6 /* iOSCircleCIUITests.m */ = {isa = PBXFileReference; lastKnownFileType = sourcecode.c.objc; path = iOSCircleCIUITests.m; sourceTree = "<group>"; };
		8CC0DDF91E0158680087CDC6 /* Info.plist */ = {isa = PBXFileReference; lastKnownFileType = text.plist.xml; path = Info.plist; sourceTree = "<group>"; };
/* End PBXFileReference section */

/* Begin PBXFrameworksBuildPhase section */
		8CC0DDC91E0158680087CDC6 /* Frameworks */ = {
			isa = PBXFrameworksBuildPhase;
			buildActionMask = 2147483647;
			files = (
			);
			runOnlyForDeploymentPostprocessing = 0;
		};
		8CC0DDE51E0158680087CDC6 /* Frameworks */ = {
			isa = PBXFrameworksBuildPhase;
			buildActionMask = 2147483647;
			files = (
			);
			runOnlyForDeploymentPostprocessing = 0;
		};
		8CC0DDF01E0158680087CDC6 /* Frameworks */ = {
			isa = PBXFrameworksBuildPhase;
			buildActionMask = 2147483647;
			files = (
			);
			runOnlyForDeploymentPostprocessing = 0;
		};
/* End PBXFrameworksBuildPhase section */

/* Begin PBXGroup section */
		8CC0DDC31E0158670087CDC6 = {
			isa = PBXGroup;
			children = (
				8CC0DDCE1E0158680087CDC6 /* iOSCircleCI */,
				8CC0DDEB1E0158680087CDC6 /* iOSCircleCITests */,
				8CC0DDF61E0158680087CDC6 /* iOSCircleCIUITests */,
				8CC0DDCD1E0158680087CDC6 /* Products */,
			);
			sourceTree = "<group>";
		};
		8CC0DDCD1E0158680087CDC6 /* Products */ = {
			isa = PBXGroup;
			children = (
				8CC0DDCC1E0158680087CDC6 /* iOSCircleCI.app */,
				8CC0DDE81E0158680087CDC6 /* iOSCircleCITests.xctest */,
				8CC0DDF31E0158680087CDC6 /* iOSCircleCIUITests.xctest */,
			);
			name = Products;
			sourceTree = "<group>";
		};
		8CC0DDCE1E0158680087CDC6 /* iOSCircleCI */ = {
			isa = PBXGroup;
			children = (
				8CC0DDD21E0158680087CDC6 /* AppDelegate.h */,
				8CC0DDD31E0158680087CDC6 /* AppDelegate.m */,
				8CC0DDD51E0158680087CDC6 /* ViewController.h */,
				8CC0DDD61E0158680087CDC6 /* ViewController.m */,
				8CC0DDD81E0158680087CDC6 /* Main.storyboard */,
				8CC0DDDE1E0158680087CDC6 /* Assets.xcassets */,
				8CC0DDE01E0158680087CDC6 /* LaunchScreen.storyboard */,
				8CC0DDE31E0158680087CDC6 /* Info.plist */,
				8CC0DDDB1E0158680087CDC6 /* iOSCircleCI.xcdatamodeld */,
				8CC0DDCF1E0158680087CDC6 /* Supporting Files */,
			);
			path = iOSCircleCI;
			sourceTree = "<group>";
		};
		8CC0DDCF1E0158680087CDC6 /* Supporting Files */ = {
			isa = PBXGroup;
			children = (
				8CC0DDD01E0158680087CDC6 /* main.m */,
			);
			name = "Supporting Files";
			sourceTree = "<group>";
		};
		8CC0DDEB1E0158680087CDC6 /* iOSCircleCITests */ = {
			isa = PBXGroup;
			children = (
				8CC0DDEC1E0158680087CDC6 /* iOSCircleCITests.m */,
				8CC0DDEE1E0158680087CDC6 /* Info.plist */,
			);
			path = iOSCircleCITests;
			sourceTree = "<group>";
		};
		8CC0DDF61E0158680087CDC6 /* iOSCircleCIUITests */ = {
			isa = PBXGroup;
			children = (
				8CC0DDF71E0158680087CDC6 /* iOSCircleCIUITests.m */,
				8CC0DDF91E0158680087CDC6 /* Info.plist */,
			);
			path = iOSCircleCIUITests;
			sourceTree = "<group>";
		};
/* End PBXGroup section */

/* Begin PBXNativeTarget section */
		8CC0DDCB1E0158680087CDC6 /* iOSCircleCI */ = {
			isa = PBXNativeTarget;
			buildConfigurationList = 8CC0DDFC1E0158680087CDC6 /* Build configuration list for PBXNativeTarget "iOSCircleCI" */;
			buildPhases = (
				8CC0DDC81E0158680087CDC6 /* Sources */,
				8CC0DDC91E0158680087CDC6 /* Frameworks */,
				8CC0DDCA1E0158680087CDC6 /* Resources */,
			);
			buildRules = (
			);
			dependencies = (
			);
			name = iOSCircleCI;
			productName = iOSCircleCI;
			productReference = 8CC0DDCC1E0158680087CDC6 /* iOSCircleCI.app */;
			productType = "com.apple.product-type.application";
		};
		8CC0DDE71E0158680087CDC6 /* iOSCircleCITests */ = {
			isa = PBXNativeTarget;
			buildConfigurationList = 8CC0DDFF1E0158680087CDC6 /* Build configuration list for PBXNativeTarget "iOSCircleCITests" */;
			buildPhases = (
				8CC0DDE41E0158680087CDC6 /* Sources */,
				8CC0DDE51E0158680087CDC6 /* Frameworks */,
				8CC0DDE61E0158680087CDC6 /* Resources */,
			);
			buildRules = (
			);
			dependencies = (
				8CC0DDEA1E0158680087CDC6 /* PBXTargetDependency */,
			);
			name = iOSCircleCITests;
			productName = iOSCircleCITests;
			productReference = 8CC0DDE81E0158680087CDC6 /* iOSCircleCITests.xctest */;
			productType = "com.apple.product-type.bundle.unit-test";
		};
		8CC0DDF21E0158680087CDC6 /* iOSCircleCIUITests */ = {
			isa = PBXNativeTarget;
			buildConfigurationList = 8CC0DE021E0158680087CDC6 /* Build configuration list for PBXNativeTarget "iOSCircleCIUITests" */;
			buildPhases = (
				8CC0DDEF1E0158680087CDC6 /* Sources */,
				8CC0DDF01E0158680087CDC6 /* Frameworks */,
				8CC0DDF11E0158680087CDC6 /* Resources */,
			);
			buildRules = (
			);
			dependencies = (
				8CC0DDF51E0158680087CDC6 /* PBXTargetDependency */,
			);
			name = iOSCircleCIUITests;
			productName = iOSCircleCIUITests;
			productReference = 8CC0DDF31E0158680087CDC6 /* iOSCircleCIUITests.xctest */;
			productType = "com.apple.product-type.bundle.ui-testing";
		};
/* End PBXNativeTarget section */

/* Begin PBXProject section */
		8CC0DDC41E0158670087CDC6 /* Project object */ = {
			isa = PBXProject;
			attributes = {
				LastUpgradeCheck = 0800;
				ORGANIZATIONNAME = "Jayesh Sojitra";
				TargetAttributes = {
					8CC0DDCB1E0158680087CDC6 = {
						CreatedOnToolsVersion = 8.0;
						ProvisioningStyle = Automatic;
					};
					8CC0DDE71E0158680087CDC6 = {
						CreatedOnToolsVersion = 8.0;
						ProvisioningStyle = Automatic;
						TestTargetID = 8CC0DDCB1E0158680087CDC6;
					};
					8CC0DDF21E0158680087CDC6 = {
						CreatedOnToolsVersion = 8.0;
						ProvisioningStyle = Automatic;
						TestTargetID = 8CC0DDCB1E0158680087CDC6;
					};
				};
			};
			buildConfigurationList = 8CC0DDC71E0158670087CDC6 /* Build configuration list for PBXProject "iOSCircleCI" */;
			compatibilityVersion = "Xcode 3.2";
			developmentRegion = English;
			hasScannedForEncodings = 0;
			knownRegions = (
				en,
				Base,
			);
			mainGroup = 8CC0DDC31E0158670087CDC6;
			productRefGroup = 8CC0DDCD1E0158680087CDC6 /* Products */;
			projectDirPath = "";
			projectRoot = "";
			targets = (
				8CC0DDCB1E0158680087CDC6 /* iOSCircleCI */,
				8CC0DDE71E0158680087CDC6 /* iOSCircleCITests */,
				8CC0DDF21E0158680087CDC6 /* iOSCircleCIUITests */,
			);
		};
/* End PBXProject section */

/* Begin PBXResourcesBuildPhase section */
		8CC0DDCA1E0158680087CDC6 /* Resources */ = {
			isa = PBXResourcesBuildPhase;
			buildActionMask = 2147483647;
			files = (
				8CC0DDE21E0158680087CDC6 /* LaunchScreen.storyboard in Resources */,
				8CC0DDDF1E0158680087CDC6 /* Assets.xcassets in Resources */,
				8CC0DDDA1E0158680087CDC6 /* Main.storyboard in Resources */,
			);
			runOnlyForDeploymentPostprocessing = 0;
		};
		8CC0DDE61E0158680087CDC6 /* Resources */ = {
			isa = PBXResourcesBuildPhase;
			buildActionMask = 2147483647;
			files = (
			);
			runOnlyForDeploymentPostprocessing = 0;
		};
		8CC0DDF11E0158680087CDC6 /* Resources */ = {
			isa = PBXResourcesBuildPhase;
			buildActionMask = 2147483647;
			files = (
			);
			runOnlyForDeploymentPostprocessing = 0;
		};
/* End PBXResourcesBuildPhase section */

/* Begin PBXSourcesBuildPhase section */
		8CC0DDC81E0158680087CDC6 /* Sources */ = {
			isa = PBXSourcesBuildPhase;
			buildActionMask = 2147483647;
			files = (
				8CC0DDD71E0158680087CDC6 /* ViewController.m in Sources */,
				8CC0DDDD1E0158680087CDC6 /* iOSCircleCI.xcdatamodeld in Sources */,
				8CC0DDD41E0158680087CDC6 /* AppDelegate.m in Sources */,
				8CC0DDD11E0158680087CDC6 /* main.m in Sources */,
			);
			runOnlyForDeploymentPostprocessing = 0;
		};
		8CC0DDE41E0158680087CDC6 /* Sources */ = {
			isa = PBXSourcesBuildPhase;
			buildActionMask = 2147483647;
			files = (
				8CC0DDED1E0158680087CDC6 /* iOSCircleCITests.m in Sources */,
			);
			runOnlyForDeploymentPostprocessing = 0;
		};
		8CC0DDEF1E0158680087CDC6 /* Sources */ = {
			isa = PBXSourcesBuildPhase;
			buildActionMask = 2147483647;
			files = (
				8CC0DDF81E0158680087CDC6 /* iOSCircleCIUITests.m in Sources */,
			);
			runOnlyForDeploymentPostprocessing = 0;
		};
/* End PBXSourcesBuildPhase section */

/* Begin PBXTargetDependency section */
		8CC0DDEA1E0158680087CDC6 /* PBXTargetDependency */ = {
			isa = PBXTargetDependency;
			target = 8CC0DDCB1E0158680087CDC6 /* iOSCircleCI */;
			targetProxy = 8CC0DDE91E0158680087CDC6 /* PBXContainerItemProxy */;
		};
		8CC0DDF51E0158680087CDC6 /* PBXTargetDependency */ = {
			isa = PBXTargetDependency;
			target = 8CC0DDCB1E0158680087CDC6 /* iOSCircleCI */;
			targetProxy = 8CC0DDF41E0158680087CDC6 /* PBXContainerItemProxy */;
		};
/* End PBXTargetDependency section */

/* Begin PBXVariantGroup section */
		8CC0DDD81E0158680087CDC6 /* Main.storyboard */ = {
			isa = PBXVariantGroup;
			children = (
				8CC0DDD91E0158680087CDC6 /* Base */,
			);
			name = Main.storyboard;
			sourceTree = "<group>";
		};
		8CC0DDE01E0158680087CDC6 /* LaunchScreen.storyboard */ = {
			isa = PBXVariantGroup;
			children = (
				8CC0DDE11E0158680087CDC6 /* Base */,
			);
			name = LaunchScreen.storyboard;
			sourceTree = "<group>";
		};
/* End PBXVariantGroup section */

/* Begin XCBuildConfiguration section */
		8CC0DDFA1E0158680087CDC6 /* Debug */ = {
			isa = XCBuildConfiguration;
			buildSettings = {
				ALWAYS_SEARCH_USER_PATHS = NO;
				CLANG_ANALYZER_NONNULL = YES;
				CLANG_CXX_LANGUAGE_STANDARD = "gnu++0x";
				CLANG_CXX_LIBRARY = "libc++";
				CLANG_ENABLE_MODULES = YES;
				CLANG_ENABLE_OBJC_ARC = YES;
				CLANG_WARN_BOOL_CONVERSION = YES;
				CLANG_WARN_CONSTANT_CONVERSION = YES;
				CLANG_WARN_DIRECT_OBJC_ISA_USAGE = YES_ERROR;
				CLANG_WARN_DOCUMENTATION_COMMENTS = YES;
				CLANG_WARN_EMPTY_BODY = YES;
				CLANG_WARN_ENUM_CONVERSION = YES;
				CLANG_WARN_INFINITE_RECURSION = YES;
				CLANG_WARN_INT_CONVERSION = YES;
				CLANG_WARN_OBJC_ROOT_CLASS = YES_ERROR;
				CLANG_WARN_SUSPICIOUS_MOVES = YES;
				CLANG_WARN_UNREACHABLE_CODE = YES;
				CLANG_WARN__DUPLICATE_METHOD_MATCH = YES;
				"CODE_SIGN_IDENTITY[sdk=iphoneos*]" = "iPhone Developer";
				COPY_PHASE_STRIP = NO;
				DEBUG_INFORMATION_FORMAT = dwarf;
				ENABLE_STRICT_OBJC_MSGSEND = YES;
				ENABLE_TESTABILITY = YES;
				GCC_C_LANGUAGE_STANDARD = gnu99;
				GCC_DYNAMIC_NO_PIC = NO;
				GCC_NO_COMMON_BLOCKS = YES;
				GCC_OPTIMIZATION_LEVEL = 0;
				GCC_PREPROCESSOR_DEFINITIONS = (
					"DEBUG=1",
					"$(inherited)",
				);
				GCC_WARN_64_TO_32_BIT_CONVERSION = YES;
				GCC_WARN_ABOUT_RETURN_TYPE = YES_ERROR;
				GCC_WARN_UNDECLARED_SELECTOR = YES;
				GCC_WARN_UNINITIALIZED_AUTOS = YES_AGGRESSIVE;
				GCC_WARN_UNUSED_FUNCTION = YES;
				GCC_WARN_UNUSED_VARIABLE = YES;
				IPHONEOS_DEPLOYMENT_TARGET = 10.0;
				MTL_ENABLE_DEBUG_INFO = YES;
				ONLY_ACTIVE_ARCH = YES;
				SDKROOT = iphoneos;
				TARGETED_DEVICE_FAMILY = "1,2";
			};
			name = Debug;
		};
		8CC0DDFB1E0158680087CDC6 /* Release */ = {
			isa = XCBuildConfiguration;
			buildSettings = {
				ALWAYS_SEARCH_USER_PATHS = NO;
				CLANG_ANALYZER_NONNULL = YES;
				CLANG_CXX_LANGUAGE_STANDARD = "gnu++0x";
				CLANG_CXX_LIBRARY = "libc++";
				CLANG_ENABLE_MODULES = YES;
				CLANG_ENABLE_OBJC_ARC = YES;
				CLANG_WARN_BOOL_CONVERSION = YES;
				CLANG_WARN_CONSTANT_CONVERSION = YES;
				CLANG_WARN_DIRECT_OBJC_ISA_USAGE = YES_ERROR;
				CLANG_WARN_DOCUMENTATION_COMMENTS = YES;
				CLANG_WARN_EMPTY_BODY = YES;
				CLANG_WARN_ENUM_CONVERSION = YES;
				CLANG_WARN_INFINITE_RECURSION = YES;
				CLANG_WARN_INT_CONVERSION = YES;
				CLANG_WARN_OBJC_ROOT_CLASS = YES_ERROR;
				CLANG_WARN_SUSPICIOUS_MOVES = YES;
				CLANG_WARN_UNREACHABLE_CODE = YES;
				CLANG_WARN__DUPLICATE_METHOD_MATCH = YES;
				"CODE_SIGN_IDENTITY[sdk=iphoneos*]" = "iPhone Developer";
				COPY_PHASE_STRIP = NO;
				DEBUG_INFORMATION_FORMAT = "dwarf-with-dsym";
				ENABLE_NS_ASSERTIONS = NO;
				ENABLE_STRICT_OBJC_MSGSEND = YES;
				GCC_C_LANGUAGE_STANDARD = gnu99;
				GCC_NO_COMMON_BLOCKS = YES;
				GCC_WARN_64_TO_32_BIT_CONVERSION = YES;
				GCC_WARN_ABOUT_RETURN_TYPE = YES_ERROR;
				GCC_WARN_UNDECLARED_SELECTOR = YES;
				GCC_WARN_UNINITIALIZED_AUTOS = YES_AGGRESSIVE;
				GCC_WARN_UNUSED_FUNCTION = YES;
				GCC_WARN_UNUSED_VARIABLE = YES;
				IPHONEOS_DEPLOYMENT_TARGET = 10.0;
				MTL_ENABLE_DEBUG_INFO = NO;
				SDKROOT = iphoneos;
				TARGETED_DEVICE_FAMILY = "1,2";
				VALIDATE_PRODUCT = YES;
			};
			name = Release;
		};
		8CC0DDFD1E0158680087CDC6 /* Debug */ = {
			isa = XCBuildConfiguration;
			buildSettings = {
				ASSETCATALOG_COMPILER_APPICON_NAME = AppIcon;
				INFOPLIST_FILE = iOSCircleCI/Info.plist;
				LD_RUNPATH_SEARCH_PATHS = "$(inherited) @executable_path/Frameworks";
				PRODUCT_BUNDLE_IDENTIFIER = com.jsojitra.iOSCircleCI;
				PRODUCT_NAME = "$(TARGET_NAME)";
			};
			name = Debug;
		};
		8CC0DDFE1E0158680087CDC6 /* Release */ = {
			isa = XCBuildConfiguration;
			buildSettings = {
				ASSETCATALOG_COMPILER_APPICON_NAME = AppIcon;
				INFOPLIST_FILE = iOSCircleCI/Info.plist;
				LD_RUNPATH_SEARCH_PATHS = "$(inherited) @executable_path/Frameworks";
				PRODUCT_BUNDLE_IDENTIFIER = com.jsojitra.iOSCircleCI;
				PRODUCT_NAME = "$(TARGET_NAME)";
			};
			name = Release;
		};
		8CC0DE001E0158680087CDC6 /* Debug */ = {
			isa = XCBuildConfiguration;
			buildSettings = {
				BUNDLE_LOADER = "$(TEST_HOST)";
				INFOPLIST_FILE = iOSCircleCITests/Info.plist;
				LD_RUNPATH_SEARCH_PATHS = "$(inherited) @executable_path/Frameworks @loader_path/Frameworks";
				PRODUCT_BUNDLE_IDENTIFIER = com.jsojitra.iOSCircleCITests;
				PRODUCT_NAME = "$(TARGET_NAME)";
				TEST_HOST = "$(BUILT_PRODUCTS_DIR)/iOSCircleCI.app/iOSCircleCI";
			};
			name = Debug;
		};
		8CC0DE011E0158680087CDC6 /* Release */ = {
			isa = XCBuildConfiguration;
			buildSettings = {
				BUNDLE_LOADER = "$(TEST_HOST)";
				INFOPLIST_FILE = iOSCircleCITests/Info.plist;
				LD_RUNPATH_SEARCH_PATHS = "$(inherited) @executable_path/Frameworks @loader_path/Frameworks";
				PRODUCT_BUNDLE_IDENTIFIER = com.jsojitra.iOSCircleCITests;
				PRODUCT_NAME = "$(TARGET_NAME)";
				TEST_HOST = "$(BUILT_PRODUCTS_DIR)/iOSCircleCI.app/iOSCircleCI";
			};
			name = Release;
		};
		8CC0DE031E0158680087CDC6 /* Debug */ = {
			isa = XCBuildConfiguration;
			buildSettings = {
				INFOPLIST_FILE = iOSCircleCIUITests/Info.plist;
				LD_RUNPATH_SEARCH_PATHS = "$(inherited) @executable_path/Frameworks @loader_path/Frameworks";
				PRODUCT_BUNDLE_IDENTIFIER = com.jsojitra.iOSCircleCIUITests;
				PRODUCT_NAME = "$(TARGET_NAME)";
				TEST_TARGET_NAME = iOSCircleCI;
			};
			name = Debug;
		};
		8CC0DE041E0158680087CDC6 /* Release */ = {
			isa = XCBuildConfiguration;
			buildSettings = {
				INFOPLIST_FILE = iOSCircleCIUITests/Info.plist;
				LD_RUNPATH_SEARCH_PATHS = "$(inherited) @executable_path/Frameworks @loader_path/Frameworks";
				PRODUCT_BUNDLE_IDENTIFIER = com.jsojitra.iOSCircleCIUITests;
				PRODUCT_NAME = "$(TARGET_NAME)";
				TEST_TARGET_NAME = iOSCircleCI;
			};
			name = Release;
		};
/* End XCBuildConfiguration section */

/* Begin XCConfigurationList section */
		8CC0DDC71E0158670087CDC6 /* Build configuration list for PBXProject "iOSCircleCI" */ = {
			isa = XCConfigurationList;
			buildConfigurations = (
				8CC0DDFA1E0158680087CDC6 /* Debug */,
				8CC0DDFB1E0158680087CDC6 /* Release */,
			);
			defaultConfigurationIsVisible = 0;
			defaultConfigurationName = Release;
		};
		8CC0DDFC1E0158680087CDC6 /* Build configuration list for PBXNativeTarget "iOSCircleCI" */ = {
			isa = XCConfigurationList;
			buildConfigurations = (
				8CC0DDFD1E0158680087CDC6 /* Debug */,
				8CC0DDFE1E0158680087CDC6 /* Release */,
			);
			defaultConfigurationIsVisible = 0;
		};
		8CC0DDFF1E0158680087CDC6 /* Build configuration list for PBXNativeTarget "iOSCircleCITests" */ = {
			isa = XCConfigurationList;
			buildConfigurations = (
				8CC0DE001E0158680087CDC6 /* Debug */,
				8CC0DE011E0158680087CDC6 /* Release */,
			);
			defaultConfigurationIsVisible = 0;
		};
		8CC0DE021E0158680087CDC6 /* Build configuration list for PBXNativeTarget "iOSCircleCIUITests" */ = {
			isa = XCConfigurationList;
			buildConfigurations = (
				8CC0DE031E0158680087CDC6 /* Debug */,
				8CC0DE041E0158680087CDC6 /* Release */,
			);
			defaultConfigurationIsVisible = 0;
		};
/* End XCConfigurationList section */

/* Begin XCVersionGroup section */
		8CC0DDDB1E0158680087CDC6 /* iOSCircleCI.xcdatamodeld */ = {
			isa = XCVersionGroup;
			children = (
				8CC0DDDC1E0158680087CDC6 /* iOSCircleCI.xcdatamodel */,
			);
			currentVersion = 8CC0DDDC1E0158680087CDC6 /* iOSCircleCI.xcdatamodel */;
			path = iOSCircleCI.xcdatamodeld;
			sourceTree = "<group>";
			versionGroupType = wrapper.xcdatamodel;
		};
/* End XCVersionGroup section */
	};
	rootObject = 8CC0DDC41E0158670087CDC6 /* Project object */;
}
